{
  "version": 4,
  "terraform_version": "1.12.6",
  "serial": 7,
  "lineage": "caf3d166-f025-a62f-9f2d-19e85d835ff6",
  "outputs": {
    "ips": {
      "value": {
        "vm-bigdata": "192.168.122.37",
        "vm-etl": "192.168.122.112",
        "vm-monitoring": "192.168.122.139",
        "vm-simulator": "192.168.122.176"
      },
      "type": [
        "object",
        {
          "vm-bigdata": "string",
          "vm-etl": "string",
          "vm-monitoring": "string",
          "vm-simulator": "string"
        }
      ]
    }
  },
  "resources": [
    {
      "mode": "managed",
      "type": "libvirt_cloudinit_disk",
      "name": "init",
      "provider": "provider[\"registry.opentofu.org/dmacvicar/libvirt\"]",
      "instances": [
        {
          "index_key": "vm-bigdata",
          "schema_version": 0,
          "attributes": {
            "id": "/var/lib/libvirt/images/vm-bigdata.cloudinit.iso;82e90c5f-a5a7-4d58-a6c0-4e8c8ee7b9f8",
            "meta_data": "",
            "name": "vm-bigdata.cloudinit.iso",
            "network_config": "",
            "pool": "default",
            "user_data": "#cloud-config\nhostname: vm-bigdata\nmanage_etc_hosts: true\n\nusers:\n  - default\n  - name: aluno\n    gecos: DevOps lab\n    groups:\n      - adm\n      - sudo\n    shell: /bin/bash\n    sudo:\n      - ALL=(ALL) NOPASSWD:ALL\n    ssh_authorized_keys:\n      - ssh-rsa AAAAB3NzaC1yc2EAAAADAQABAAACAQDh77CPgurf1MaKgvROemkhWWeNni3BDAutEXJUtfsbYG6ak2hAm4WfTCAQ6m+fq51bW7zDYX6VMsqdxgleerr14lZvUy0zot8X0IpZa8IRoublqG5aHZIGZML6kT/NF9EgVfgdjKIMy0W4f89uiQyFgXwLWNk+3CXw2PofTMTt+r8Anpwv0hVHuLcJZBeORjo6v+GzEQrauqV6lQGgAZOQ5Arz06J10t2hTfQtN8u37MqvpUVdg0pIz04Jw9acm8RW3TeyQgufsS1THFyu4KrjQutg8beNjaY14/3aSzNQa7z/GvcpwW7KdO9f7XLo3Kyj9EGoYwFOL/MI+8j5GHWkjdeqoHQWD0K/aplNh1aJC+gbmd2hkxS01bPKRk3cQn+YIKIgoK/ejez5e7wtnLflXczKR+ys56vlM1sb5r1o900CqjxpM5lQ4ljLKUZw6ut0aZSvqk+4D2q88aW82Y0u4pHhaCRyG3/kBllwD0R9l3C7/sX9crxAGzQyU/N4/7hEnrqHkCMDmRRq5yN7l5Htffb6BAsTRGIYXyRob95vcFlF16cBS4sh7ce0RuNun7qOK5t0nUvaVzl+xm79Ip84FEfvZMKKSumWpmKi6MUbXpQMva8XuoEw61GuRjAGHVXxzxqsBLco0HfgIGcra55lyQAX+pAODGrj72FXRq++Kw== gabriel-freire@gabriel-freire-Nitro-AN515-58\n\nssh_pwauth: false\ndisable_root: true"
          },
          "sensitive_attributes": [],
          "private": "bnVsbA=="
        },
        {
          "index_key": "vm-etl",
          "schema_version": 0,
          "attributes": {
            "id": "/var/lib/libvirt/images/vm-etl.cloudinit.iso;56e6b0e5-2292-4a19-8821-54ed1b4629c6",
            "meta_data": "",
            "name": "vm-etl.cloudinit.iso",
            "network_config": "",
            "pool": "default",
            "user_data": "#cloud-config\nhostname: vm-etl\nmanage_etc_hosts: true\n\nusers:\n  - default\n  - name: aluno\n    gecos: DevOps lab\n    groups:\n      - adm\n      - sudo\n    shell: /bin/bash\n    sudo:\n      - ALL=(ALL) NOPASSWD:ALL\n    ssh_authorized_keys:\n      - ssh-rsa AAAAB3NzaC1yc2EAAAADAQABAAACAQDh77CPgurf1MaKgvROemkhWWeNni3BDAutEXJUtfsbYG6ak2hAm4WfTCAQ6m+fq51bW7zDYX6VMsqdxgleerr14lZvUy0zot8X0IpZa8IRoublqG5aHZIGZML6kT/NF9EgVfgdjKIMy0W4f89uiQyFgXwLWNk+3CXw2PofTMTt+r8Anpwv0hVHuLcJZBeORjo6v+GzEQrauqV6lQGgAZOQ5Arz06J10t2hTfQtN8u37MqvpUVdg0pIz04Jw9acm8RW3TeyQgufsS1THFyu4KrjQutg8beNjaY14/3aSzNQa7z/GvcpwW7KdO9f7XLo3Kyj9EGoYwFOL/MI+8j5GHWkjdeqoHQWD0K/aplNh1aJC+gbmd2hkxS01bPKRk3cQn+YIKIgoK/ejez5e7wtnLflXczKR+ys56vlM1sb5r1o900CqjxpM5lQ4ljLKUZw6ut0aZSvqk+4D2q88aW82Y0u4pHhaCRyG3/kBllwD0R9l3C7/sX9crxAGzQyU/N4/7hEnrqHkCMDmRRq5yN7l5Htffb6BAsTRGIYXyRob95vcFlF16cBS4sh7ce0RuNun7qOK5t0nUvaVzl+xm79Ip84FEfvZMKKSumWpmKi6MUbXpQMva8XuoEw61GuRjAGHVXxzxqsBLco0HfgIGcra55lyQAX+pAODGrj72FXRq++Kw== gabriel-freire@gabriel-freire-Nitro-AN515-58\n\nssh_pwauth: false\ndisable_root: true"
          },
          "sensitive_attributes": [],
          "private": "bnVsbA=="
        },
        {
          "index_key": "vm-monitoring",
          "schema_version": 0,
          "attributes": {
            "id": "/var/lib/libvirt/images/vm-monitoring.cloudinit.iso;bfb5e294-568a-4593-a473-de927ee6bbee",
            "meta_data": "",
            "name": "vm-monitoring.cloudinit.iso",
            "network_config": "",
            "pool": "default",
            "user_data": "#cloud-config\nhostname: vm-monitoring\nmanage_etc_hosts: true\n\nusers:\n  - default\n  - name: aluno\n    gecos: DevOps lab\n    groups:\n      - adm\n      - sudo\n    shell: /bin/bash\n    sudo:\n      - ALL=(ALL) NOPASSWD:ALL\n    ssh_authorized_keys:\n      - ssh-rsa AAAAB3NzaC1yc2EAAAADAQABAAACAQDh77CPgurf1MaKgvROemkhWWeNni3BDAutEXJUtfsbYG6ak2hAm4WfTCAQ6m+fq51bW7zDYX6VMsqdxgleerr14lZvUy0zot8X0IpZa8IRoublqG5aHZIGZML6kT/NF9EgVfgdjKIMy0W4f89uiQyFgXwLWNk+3CXw2PofTMTt+r8Anpwv0hVHuLcJZBeORjo6v+GzEQrauqV6lQGgAZOQ5Arz06J10t2hTfQtN8u37MqvpUVdg0pIz04Jw9acm8RW3TeyQgufsS1THFyu4KrjQutg8beNjaY14/3aSzNQa7z/GvcpwW7KdO9f7XLo3Kyj9EGoYwFOL/MI+8j5GHWkjdeqoHQWD0K/aplNh1aJC+gbmd2hkxS01bPKRk3cQn+YIKIgoK/ejez5e7wtnLflXczKR+ys56vlM1sb5r1o900CqjxpM5lQ4ljLKUZw6ut0aZSvqk+4D2q88aW82Y0u4pHhaCRyG3/kBllwD0R9l3C7/sX9crxAGzQyU/N4/7hEnrqHkCMDmRRq5yN7l5Htffb6BAsTRGIYXyRob95vcFlF16cBS4sh7ce0RuNun7qOK5t0nUvaVzl+xm79Ip84FEfvZMKKSumWpmKi6MUbXpQMva8XuoEw61GuRjAGHVXxzxqsBLco0HfgIGcra55lyQAX+pAODGrj72FXRq++Kw== gabriel-freire@gabriel-freire-Nitro-AN515-58\n\nssh_pwauth: false\ndisable_root: true"
          },
          "sensitive_attributes": [],
          "private": "bnVsbA=="
        },
        {
          "index_key": "vm-simulator",
          "schema_version": 0,
          "attributes": {
            "id": "/var/lib/libvirt/images/vm-simulator.cloudinit.iso;e3ebc84e-33cf-45e1-9460-1bd1e122a624",
            "meta_data": "",
            "name": "vm-simulator.cloudinit.iso",
            "network_config": "",
            "pool": "default",
            "user_data": "#cloud-config\nhostname: vm-simulator\nmanage_etc_hosts: true\n\nusers:\n  - default\n  - name: aluno\n    gecos: DevOps lab\n    groups:\n      - adm\n      - sudo\n    shell: /bin/bash\n    sudo:\n      - ALL=(ALL) NOPASSWD:ALL\n    ssh_authorized_keys:\n      - ssh-rsa AAAAB3NzaC1yc2EAAAADAQABAAACAQDh77CPgurf1MaKgvROemkhWWeNni3BDAutEXJUtfsbYG6ak2hAm4WfTCAQ6m+fq51bW7zDYX6VMsqdxgleerr14lZvUy0zot8X0IpZa8IRoublqG5aHZIGZML6kT/NF9EgVfgdjKIMy0W4f89uiQyFgXwLWNk+3CXw2PofTMTt+r8Anpwv0hVHuLcJZBeORjo6v+GzEQrauqV6lQGgAZOQ5Arz06J10t2hTfQtN8u37MqvpUVdg0pIz04Jw9acm8RW3TeyQgufsS1THFyu4KrjQutg8beNjaY14/3aSzNQa7z/GvcpwW7KdO9f7XLo3Kyj9EGoYwFOL/MI+8j5GHWkjdeqoHQWD0K/aplNh1aJC+gbmd2hkxS01bPKRk3cQn+YIKIgoK/ejez5e7wtnLflXczKR+ys56vlM1sb5r1o900CqjxpM5lQ4ljLKUZw6ut0aZSvqk+4D2q88aW82Y0u4pHhaCRyG3/kBllwD0R9l3C7/sX9crxAGzQyU/N4/7hEnrqHkCMDmRRq5yN7l5Htffb6BAsTRGIYXyRob95vcFlF16cBS4sh7ce0RuNun7qOK5t0nUvaVzl+xm79Ip84FEfvZMKKSumWpmKi6MUbXpQMva8XuoEw61GuRjAGHVXxzxqsBLco0HfgIGcra55lyQAX+pAODGrj72FXRq++Kw== gabriel-freire@gabriel-freire-Nitro-AN515-58\n\nssh_pwauth: false\ndisable_root: true"
          },
          "sensitive_attributes": [],
          "private": "bnVsbA=="
        }
      ]
    },
    {
      "mode": "managed",
      "type": "libvirt_domain",
      "name": "vm",
      "provider": "provider[\"registry.opentofu.org/dmacvicar/libvirt\"]",
      "instances": [
        {
          "index_key": "vm-bigdata",
          "schema_version": 0,
          "attributes": {
            "arch": "x86_64",
            "autostart": false,
            "boot_device": [],
            "cloudinit": "/var/lib/libvirt/images/vm-bigdata.cloudinit.iso;82e90c5f-a5a7-4d58-a6c0-4e8c8ee7b9f8",
            "cmdline": [],
            "console": [
              {
                "source_host": "127.0.0.1",
                "source_path": "",
                "source_service": "0",
                "target_port": "0",
                "target_type": "serial",
                "type": "pty"
              }
            ],
            "coreos_ignition": null,
            "cpu": [
              {
                "mode": "custom"
              }
            ],
            "description": "",
            "disk": [
              {
                "block_device": "",
                "file": "",
                "scsi": false,
                "url": "",
                "volume_id": "/var/lib/libvirt/images/vm-bigdata.qcow2",
                "wwn": ""
              }
            ],
            "emulator": "/usr/bin/qemu-system-x86_64",
            "filesystem": [],
            "firmware": null,
            "fw_cfg_name": "opt/com.coreos/config",
            "graphics": [],
            "id": "0784ebb4-4b33-4d8c-aa4a-1b9868dc79d1",
            "initrd": "",
            "kernel": "",
            "machine": "pc",
            "memory": 2048,
            "metadata": null,
            "name": "vm-bigdata",
            "network_interface": [
              {
                "addresses": [
                  "192.168.122.37"
                ],
                "bridge": "",
                "hostname": "vm-bigdata",
                "mac": "52:54:00:0A:77:79",
                "macvtap": "",
                "network_id": "00007c43-d49b-46c0-9b0a-b967794ee949",
                "network_name": "default",
                "passthrough": "",
                "private": "",
                "vepa": "",
                "wait_for_lease": true
              }
            ],
            "nvram": [],
            "qemu_agent": false,
            "running": true,
            "timeouts": null,
            "tpm": [],
            "type": "kvm",
            "vcpu": 2,
            "video": [],
            "xml": []
          },
          "sensitive_attributes": [],
          "private": "eyJlMmJmYjczMC1lY2FhLTExZTYtOGY4OC0zNDM2M2JjN2M0YzAiOnsiY3JlYXRlIjozMDAwMDAwMDAwMDB9fQ==",
          "dependencies": [
            "libvirt_cloudinit_disk.init",
            "libvirt_volume.ubuntu_base",
            "libvirt_volume.vm_disk"
          ]
        },
        {
          "index_key": "vm-etl",
          "schema_version": 0,
          "attributes": {
            "arch": "x86_64",
            "autostart": false,
            "boot_device": [],
            "cloudinit": "/var/lib/libvirt/images/vm-etl.cloudinit.iso;56e6b0e5-2292-4a19-8821-54ed1b4629c6",
            "cmdline": [],
            "console": [
              {
                "source_host": "127.0.0.1",
                "source_path": "",
                "source_service": "0",
                "target_port": "0",
                "target_type": "serial",
                "type": "pty"
              }
            ],
            "coreos_ignition": null,
            "cpu": [
              {
                "mode": "custom"
              }
            ],
            "description": "",
            "disk": [
              {
                "block_device": "",
                "file": "",
                "scsi": false,
                "url": "",
                "volume_id": "/var/lib/libvirt/images/vm-etl.qcow2",
                "wwn": ""
              }
            ],
            "emulator": "/usr/bin/qemu-system-x86_64",
            "filesystem": [],
            "firmware": null,
            "fw_cfg_name": "opt/com.coreos/config",
            "graphics": [],
            "id": "30dd4c66-ee63-4571-b8c1-ab2281de089b",
            "initrd": "",
            "kernel": "",
            "machine": "pc",
            "memory": 2048,
            "metadata": null,
            "name": "vm-etl",
            "network_interface": [
              {
                "addresses": [
                  "192.168.122.112"
                ],
                "bridge": "",
                "hostname": "vm-etl",
                "mac": "52:54:00:06:4F:D4",
                "macvtap": "",
                "network_id": "00007c43-d49b-46c0-9b0a-b967794ee949",
                "network_name": "default",
                "passthrough": "",
                "private": "",
                "vepa": "",
                "wait_for_lease": true
              }
            ],
            "nvram": [],
            "qemu_agent": false,
            "running": true,
            "timeouts": null,
            "tpm": [],
            "type": "kvm",
            "vcpu": 2,
            "video": [],
            "xml": []
          },
          "sensitive_attributes": [],
          "private": "eyJlMmJmYjczMC1lY2FhLTExZTYtOGY4OC0zNDM2M2JjN2M0YzAiOnsiY3JlYXRlIjozMDAwMDAwMDAwMDB9fQ==",
          "dependencies": [
            "libvirt_cloudinit_disk.init",
            "libvirt_volume.ubuntu_base",
            "libvirt_volume.vm_disk"
          ]
        },
        {
          "index_key": "vm-monitoring",
          "schema_version": 0,
          "attributes": {
            "arch": "x86_64",
            "autostart": false,
            "boot_device": [],
            "cloudinit": "/var/lib/libvirt/images/vm-monitoring.cloudinit.iso;bfb5e294-568a-4593-a473-de927ee6bbee",
            "cmdline": [],
            "console": [
              {
                "source_host": "127.0.0.1",
                "source_path": "",
                "source_service": "0",
                "target_port": "0",
                "target_type": "serial",
                "type": "pty"
              }
            ],
            "coreos_ignition": null,
            "cpu": [
              {
                "mode": "custom"
              }
            ],
            "description": "",
            "disk": [
              {
                "block_device": "",
                "file": "",
                "scsi": false,
                "url": "",
                "volume_id": "/var/lib/libvirt/images/vm-monitoring.qcow2",
                "wwn": ""
              }
            ],
            "emulator": "/usr/bin/qemu-system-x86_64",
            "filesystem": [],
            "firmware": null,
            "fw_cfg_name": "opt/com.coreos/config",
            "graphics": [],
            "id": "4df5f44a-9df1-4167-bee4-6ccd32d7bfe9",
            "initrd": "",
            "kernel": "",
            "machine": "pc",
            "memory": 2048,
            "metadata": null,
            "name": "vm-monitoring",
            "network_interface": [
              {
                "addresses": [
                  "192.168.122.139"
                ],
                "bridge": "",
                "hostname": "vm-monitoring",
                "mac": "52:54:00:56:12:B3",
                "macvtap": "",
                "network_id": "00007c43-d49b-46c0-9b0a-b967794ee949",
                "network_name": "default",
                "passthrough": "",
                "private": "",
                "vepa": "",
                "wait_for_lease": true
              }
            ],
            "nvram": [],
            "qemu_agent": false,
            "running": true,
            "timeouts": null,
            "tpm": [],
            "type": "kvm",
            "vcpu": 2,
            "video": [],
            "xml": []
          },
          "sensitive_attributes": [],
          "private": "eyJlMmJmYjczMC1lY2FhLTExZTYtOGY4OC0zNDM2M2JjN2M0YzAiOnsiY3JlYXRlIjozMDAwMDAwMDAwMDB9fQ==",
          "dependencies": [
            "libvirt_cloudinit_disk.init",
            "libvirt_volume.ubuntu_base",
            "libvirt_volume.vm_disk"
          ]
        },
        {
          "index_key": "vm-simulator",
          "schema_version": 0,
          "attributes": {
            "arch": "x86_64",
            "autostart": false,
            "boot_device": [],
            "cloudinit": "/var/lib/libvirt/images/vm-simulator.cloudinit.iso;e3ebc84e-33cf-45e1-9460-1bd1e122a624",
            "cmdline": [],
            "console": [
              {
                "source_host": "127.0.0.1",
                "source_path": "",
                "source_service": "0",
                "target_port": "0",
                "target_type": "serial",
                "type": "pty"
              }
            ],
            "coreos_ignition": null,
            "cpu": [
              {
                "mode": "custom"
              }
            ],
            "description": "",
            "disk": [
              {
                "block_device": "",
                "file": "",
                "scsi": false,
                "url": "",
                "volume_id": "/var/lib/libvirt/images/vm-simulator.qcow2",
                "wwn": ""
              }
            ],
            "emulator": "/usr/bin/qemu-system-x86_64",
            "filesystem": [],
            "firmware": null,
            "fw_cfg_name": "opt/com.coreos/config",
            "graphics": [],
            "id": "59874838-775f-40cf-ab8e-6bb885f91812",
            "initrd": "",
            "kernel": "",
            "machine": "pc",
            "memory": 2048,
            "metadata": null,
            "name": "vm-simulator",
            "network_interface": [
              {
                "addresses": [
                  "192.168.122.176"
                ],
                "bridge": "",
                "hostname": "vm-simulator",
                "mac": "52:54:00:5A:FF:B8",
                "macvtap": "",
                "network_id": "00007c43-d49b-46c0-9b0a-b967794ee949",
                "network_name": "default",
                "passthrough": "",
                "private": "",
                "vepa": "",
                "wait_for_lease": true
              }
            ],
            "nvram": [],
            "qemu_agent": false,
            "running": true,
            "timeouts": null,
            "tpm": [],
            "type": "kvm",
            "vcpu": 2,
            "video": [],
            "xml": []
          },
          "sensitive_attributes": [],
          "private": "eyJlMmJmYjczMC1lY2FhLTExZTYtOGY4OC0zNDM2M2JjN2M0YzAiOnsiY3JlYXRlIjozMDAwMDAwMDAwMDB9fQ==",
          "dependencies": [
            "libvirt_cloudinit_disk.init",
            "libvirt_volume.ubuntu_base",
            "libvirt_volume.vm_disk"
          ]
        }
      ]
    },
    {
      "mode": "managed",
      "type": "libvirt_volume",
      "name": "ubuntu_base",
      "provider": "provider[\"registry.opentofu.org/dmacvicar/libvirt\"]",
      "instances": [
        {
          "schema_version": 0,
          "attributes": {
            "base_volume_id": null,
            "base_volume_name": null,
            "base_volume_pool": null,
            "format": "qcow2",
            "id": "/var/lib/libvirt/images/ubuntu-24.04-base.qcow2",
            "name": "ubuntu-24.04-base.qcow2",
            "pool": "default",
            "size": 3758096384,
            "source": "https://cloud-images.ubuntu.com/noble/current/noble-server-cloudimg-amd64.img",
            "xml": []
          },
          "sensitive_attributes": [],
          "private": "bnVsbA=="
        }
      ]
    },
    {
      "mode": "managed",
      "type": "libvirt_volume",
      "name": "vm_disk",
      "provider": "provider[\"registry.opentofu.org/dmacvicar/libvirt\"]",
      "instances": [
        {
          "index_key": "vm-bigdata",
          "schema_version": 0,
          "attributes": {
            "base_volume_id": "/var/lib/libvirt/images/ubuntu-24.04-base.qcow2",
            "base_volume_name": null,
            "base_volume_pool": null,
            "format": "qcow2",
            "id": "/var/lib/libvirt/images/vm-bigdata.qcow2",
            "name": "vm-bigdata.qcow2",
            "pool": "default",
            "size": 21474836480,
            "source": null,
            "xml": []
          },
          "sensitive_attributes": [],
          "private": "bnVsbA==",
          "dependencies": [
            "libvirt_volume.ubuntu_base"
          ]
        },
        {
          "index_key": "vm-etl",
          "schema_version": 0,
          "attributes": {
            "base_volume_id": "/var/lib/libvirt/images/ubuntu-24.04-base.qcow2",
            "base_volume_name": null,
            "base_volume_pool": null,
            "format": "qcow2",
            "id": "/var/lib/libvirt/images/vm-etl.qcow2",
            "name": "vm-etl.qcow2",
            "pool": "default",
            "size": 21474836480,
            "source": null,
            "xml": []
          },
          "sensitive_attributes": [],
          "private": "bnVsbA==",
          "dependencies": [
            "libvirt_volume.ubuntu_base"
          ]
        },
        {
          "index_key": "vm-monitoring",
          "schema_version": 0,
          "attributes": {
            "base_volume_id": "/var/lib/libvirt/images/ubuntu-24.04-base.qcow2",
            "base_volume_name": null,
            "base_volume_pool": null,
            "format": "qcow2",
            "id": "/var/lib/libvirt/images/vm-monitoring.qcow2",
            "name": "vm-monitoring.qcow2",
            "pool": "default",
            "size": 21474836480,
            "source": null,
            "xml": []
          },
          "sensitive_attributes": [],
          "private": "bnVsbA==",
          "dependencies": [
            "libvirt_volume.ubuntu_base"
          ]
        },
        {
          "index_key": "vm-simulator",
          "schema_version": 0,
          "attributes": {
            "base_volume_id": "/var/lib/libvirt/images/ubuntu-24.04-base.qcow2",
            "base_volume_name": null,
            "base_volume_pool": null,
            "format": "qcow2",
            "id": "/var/lib/libvirt/images/vm-simulator.qcow2",
            "name": "vm-simulator.qcow2",
            "pool": "default",
            "size": 21474836480,
            "source": null,
            "xml": []
          },
          "sensitive_attributes": [],
          "private": "bnVsbA==",
          "dependencies": [
            "libvirt_volume.ubuntu_base"
          ]
        }
      ]
    },
    {
      "mode": "managed",
      "type": "local_file",
      "name": "ansible_inventory",
      "provider": "provider[\"registry.opentofu.org/hashicorp/local\"]",
      "instances": [
        {
          "schema_version": 0,
          "attributes": {
            "content": "[bigdata]\nvm-bigdata ansible_host=192.168.122.37\n\n[etl]\nvm-etl ansible_host=192.168.122.112\n\n[monitoring]\nvm-monitoring ansible_host=192.168.122.139\n\n[simulator]\nvm-simulator ansible_host=192.168.122.176\n\n[all:vars]\nansible_user=aluno\nansible_python_interpreter=/usr/bin/python3\nansible_ssh_private_key_file=~/.ssh/id_rsa",
            "content_base64": null,
            "content_base64sha256": "i9F/S9ec9TOWJjisRgWDVONSlOuSL4OYian/oLclWdk=",
            "content_base64sha512": "ZHvzyqo7KdDkY7c9iWGKST7QalchuGeL/BNl4H01yWV7soLSAQzuvvQu2R5nDAYchKsZ5lfoDqCZmHc+/XhKCw==",
            "content_md5": "73f85e603b4295de41721436bd6bbeff",
            "content_sha1": "6d2611b2d53ea97373dcdddf1791273d1e3de87f",
            "content_sha256": "8bd17f4bd79cf533962638ac46058354e35294eb922f839889a9ffa0b72559d9",
            "content_sha512": "647bf3caaa3b29d0e463b73d89618a493ed06a5721b8678bfc1365e07d35c9657bb282d2010ceebef42ed91e670c061c84ab19e657e80ea09998773efd784a0b",
            "directory_permission": "0777",
            "file_permission": "0777",
            "filename": "./../ansible/inventory.ini",
            "id": "6d2611b2d53ea97373dcdddf1791273d1e3de87f",
            "sensitive_content": null,
            "source": null
          },
          "sensitive_attributes": [
            [
              {
                "type": "get_attr",
                "value": "sensitive_content"
              }
            ]
          ],
          "dependencies": [
            "libvirt_cloudinit_disk.init",
            "libvirt_domain.vm",
            "libvirt_volume.ubuntu_base",
            "libvirt_volume.vm_disk"
          ]
        }
      ]
    }
  ],
  "check_results": null
}

